
Microsoft Visual Studio Solution File, Format Version 12.00
# Visual Studio Version 17
VisualStudioVersion = 17.4.33205.214
MinimumVisualStudioVersion = 10.0.40219.1
Project("{FAE04EC0-301F-11D3-BF4B-00C04F79EFBC}") = "01.01 Hometask", "01.01 Hometask\01.01 Hometask.csproj", "{90A9E77B-BA92-42F2-AAC3-4AEE59B96755}"
EndProject
Project("{FAE04EC0-301F-11D3-BF4B-00C04F79EFBC}") = "Task2", "Task2\Task2.csproj", "{46B2AC90-3E82-444A-A6A0-E82115FD5128}"
EndProject
Global
	GlobalSection(SolutionConfigurationPlatforms) = preSolution
		Debug|Any CPU = Debug|Any CPU
		Release|Any CPU = Release|Any CPU
	EndGlobalSection
	GlobalSection(ProjectConfigurationPlatforms) = postSolution
		{90A9E77B-BA92-42F2-AAC3-4AEE59B96755}.Debug|Any CPU.ActiveCfg = Debug|Any CPU
		{90A9E77B-BA92-42F2-AAC3-4AEE59B96755}.Debug|Any CPU.Build.0 = Debug|Any CPU
		{90A9E77B-BA92-42F2-AAC3-4AEE59B96755}.Release|Any CPU.ActiveCfg = Release|Any CPU
		{90A9E77B-BA92-42F2-AAC3-4AEE59B96755}.Release|Any CPU.Build.0 = Release|Any CPU
		{46B2AC90-3E82-444A-A6A0-E82115FD5128}.Debug|Any CPU.ActiveCfg = Debug|Any CPU
		{46B2AC90-3E82-444A-A6A0-E82115FD5128}.Debug|Any CPU.Build.0 = Debug|Any CPU
		{46B2AC90-3E82-444A-A6A0-E82115FD5128}.Release|Any CPU.ActiveCfg = Release|Any CPU
		{46B2AC90-3E82-444A-A6A0-E82115FD5128}.Release|Any CPU.Build.0 = Release|Any CPU
	EndGlobalSection
	GlobalSection(SolutionProperties) = preSolution
		HideSolutionNode = FALSE
	EndGlobalSection
	GlobalSection(ExtensibilityGlobals) = postSolution
		SolutionGuid = {8496748C-84FB-4FB4-A70A-EF5AFEC1FBAD}
	EndGlobalSection
EndGlobal
